
Microsoft Visual Studio Solution File, Format Version 12.00
# Visual Studio Version 17
VisualStudioVersion = 17.0.31903.59
MinimumVisualStudioVersion = 10.0.40219.1
Project("{2150E333-8FDC-42A3-9474-1A3956D46DE8}") = "src", "src", "{5E83E0C1-F3AA-4235-8A32-9783A622E23F}"
EndProject
Project("{FAE04EC0-301F-11D3-BF4B-00C04F79EFBC}") = "FreelanceAI.Core", "src\FreelanceAI.Core\FreelanceAI.Core.csproj", "{C81C9D8B-DDEC-4F64-96E6-A509B7DC6907}"
EndProject
Project("{FAE04EC0-301F-11D3-BF4B-00C04F79EFBC}") = "FreelanceAI.ApiRouter", "src\FreelanceAI.ApiRouter\FreelanceAI.ApiRouter.csproj", "{34B4F664-CCF2-4CE4-A99B-6963BF7EF777}"
EndProject
Project("{FAE04EC0-301F-11D3-BF4B-00C04F79EFBC}") = "FreelanceAI.WebApi", "src\FreelanceAI.WebApi\FreelanceAI.WebApi.csproj", "{1CBB45CB-FCEA-49E0-95D1-4F00037F1D04}"
EndProject
Project("{2150E333-8FDC-42A3-9474-1A3956D46DE8}") = "tests", "tests", "{EE9277ED-02BD-4204-A702-F440CB6EC6C5}"
EndProject
Project("{FAE04EC0-301F-11D3-BF4B-00C04F79EFBC}") = "FreelanceAI.Core.Tests", "tests\FreelanceAI.Core.Tests\FreelanceAI.Core.Tests.csproj", "{E4C40605-3ADE-41BC-84F0-C33E91D99D23}"
EndProject
Project("{FAE04EC0-301F-11D3-BF4B-00C04F79EFBC}") = "FreelanceAI.ApiRouter.Tests", "tests\FreelanceAI.ApiRouter.Tests\FreelanceAI.ApiRouter.Tests.csproj", "{A9BC39B0-3465-4A4A-85FD-7099E18EEBDC}"
EndProject
Project("{FAE04EC0-301F-11D3-BF4B-00C04F79EFBC}") = "FreelanceAI.Integration.Tests", "tests\FreelanceAI.Integration.Tests\FreelanceAI.Integration.Tests.csproj", "{60CE949C-0784-4513-ABDE-07DA7ACA99B4}"
EndProject
Global
	GlobalSection(SolutionConfigurationPlatforms) = preSolution
		Debug|Any CPU = Debug|Any CPU
		Debug|x64 = Debug|x64
		Debug|x86 = Debug|x86
		Release|Any CPU = Release|Any CPU
		Release|x64 = Release|x64
		Release|x86 = Release|x86
	EndGlobalSection
	GlobalSection(ProjectConfigurationPlatforms) = postSolution
		{C81C9D8B-DDEC-4F64-96E6-A509B7DC6907}.Debug|Any CPU.ActiveCfg = Debug|Any CPU
		{C81C9D8B-DDEC-4F64-96E6-A509B7DC6907}.Debug|Any CPU.Build.0 = Debug|Any CPU
		{C81C9D8B-DDEC-4F64-96E6-A509B7DC6907}.Debug|x64.ActiveCfg = Debug|Any CPU
		{C81C9D8B-DDEC-4F64-96E6-A509B7DC6907}.Debug|x64.Build.0 = Debug|Any CPU
		{C81C9D8B-DDEC-4F64-96E6-A509B7DC6907}.Debug|x86.ActiveCfg = Debug|Any CPU
		{C81C9D8B-DDEC-4F64-96E6-A509B7DC6907}.Debug|x86.Build.0 = Debug|Any CPU
		{C81C9D8B-DDEC-4F64-96E6-A509B7DC6907}.Release|Any CPU.ActiveCfg = Release|Any CPU
		{C81C9D8B-DDEC-4F64-96E6-A509B7DC6907}.Release|Any CPU.Build.0 = Release|Any CPU
		{C81C9D8B-DDEC-4F64-96E6-A509B7DC6907}.Release|x64.ActiveCfg = Release|Any CPU
		{C81C9D8B-DDEC-4F64-96E6-A509B7DC6907}.Release|x64.Build.0 = Release|Any CPU
		{C81C9D8B-DDEC-4F64-96E6-A509B7DC6907}.Release|x86.ActiveCfg = Release|Any CPU
		{C81C9D8B-DDEC-4F64-96E6-A509B7DC6907}.Release|x86.Build.0 = Release|Any CPU
		{34B4F664-CCF2-4CE4-A99B-6963BF7EF777}.Debug|Any CPU.ActiveCfg = Debug|Any CPU
		{34B4F664-CCF2-4CE4-A99B-6963BF7EF777}.Debug|Any CPU.Build.0 = Debug|Any CPU
		{34B4F664-CCF2-4CE4-A99B-6963BF7EF777}.Debug|x64.ActiveCfg = Debug|Any CPU
		{34B4F664-CCF2-4CE4-A99B-6963BF7EF777}.Debug|x64.Build.0 = Debug|Any CPU
		{34B4F664-CCF2-4CE4-A99B-6963BF7EF777}.Debug|x86.ActiveCfg = Debug|Any CPU
		{34B4F664-CCF2-4CE4-A99B-6963BF7EF777}.Debug|x86.Build.0 = Debug|Any CPU
		{34B4F664-CCF2-4CE4-A99B-6963BF7EF777}.Release|Any CPU.ActiveCfg = Release|Any CPU
		{34B4F664-CCF2-4CE4-A99B-6963BF7EF777}.Release|Any CPU.Build.0 = Release|Any CPU
		{34B4F664-CCF2-4CE4-A99B-6963BF7EF777}.Release|x64.ActiveCfg = Release|Any CPU
		{34B4F664-CCF2-4CE4-A99B-6963BF7EF777}.Release|x64.Build.0 = Release|Any CPU
		{34B4F664-CCF2-4CE4-A99B-6963BF7EF777}.Release|x86.ActiveCfg = Release|Any CPU
		{34B4F664-CCF2-4CE4-A99B-6963BF7EF777}.Release|x86.Build.0 = Release|Any CPU
		{1CBB45CB-FCEA-49E0-95D1-4F00037F1D04}.Debug|Any CPU.ActiveCfg = Debug|Any CPU
		{1CBB45CB-FCEA-49E0-95D1-4F00037F1D04}.Debug|Any CPU.Build.0 = Debug|Any CPU
		{1CBB45CB-FCEA-49E0-95D1-4F00037F1D04}.Debug|x64.ActiveCfg = Debug|Any CPU
		{1CBB45CB-FCEA-49E0-95D1-4F00037F1D04}.Debug|x64.Build.0 = Debug|Any CPU
		{1CBB45CB-FCEA-49E0-95D1-4F00037F1D04}.Debug|x86.ActiveCfg = Debug|Any CPU
		{1CBB45CB-FCEA-49E0-95D1-4F00037F1D04}.Debug|x86.Build.0 = Debug|Any CPU
		{1CBB45CB-FCEA-49E0-95D1-4F00037F1D04}.Release|Any CPU.ActiveCfg = Release|Any CPU
		{1CBB45CB-FCEA-49E0-95D1-4F00037F1D04}.Release|Any CPU.Build.0 = Release|Any CPU
		{1CBB45CB-FCEA-49E0-95D1-4F00037F1D04}.Release|x64.ActiveCfg = Release|Any CPU
		{1CBB45CB-FCEA-49E0-95D1-4F00037F1D04}.Release|x64.Build.0 = Release|Any CPU
		{1CBB45CB-FCEA-49E0-95D1-4F00037F1D04}.Release|x86.ActiveCfg = Release|Any CPU
		{1CBB45CB-FCEA-49E0-95D1-4F00037F1D04}.Release|x86.Build.0 = Release|Any CPU
		{E4C40605-3ADE-41BC-84F0-C33E91D99D23}.Debug|Any CPU.ActiveCfg = Debug|Any CPU
		{E4C40605-3ADE-41BC-84F0-C33E91D99D23}.Debug|Any CPU.Build.0 = Debug|Any CPU
		{E4C40605-3ADE-41BC-84F0-C33E91D99D23}.Debug|x64.ActiveCfg = Debug|Any CPU
		{E4C40605-3ADE-41BC-84F0-C33E91D99D23}.Debug|x64.Build.0 = Debug|Any CPU
		{E4C40605-3ADE-41BC-84F0-C33E91D99D23}.Debug|x86.ActiveCfg = Debug|Any CPU
		{E4C40605-3ADE-41BC-84F0-C33E91D99D23}.Debug|x86.Build.0 = Debug|Any CPU
		{E4C40605-3ADE-41BC-84F0-C33E91D99D23}.Release|Any CPU.ActiveCfg = Release|Any CPU
		{E4C40605-3ADE-41BC-84F0-C33E91D99D23}.Release|Any CPU.Build.0 = Release|Any CPU
		{E4C40605-3ADE-41BC-84F0-C33E91D99D23}.Release|x64.ActiveCfg = Release|Any CPU
		{E4C40605-3ADE-41BC-84F0-C33E91D99D23}.Release|x64.Build.0 = Release|Any CPU
		{E4C40605-3ADE-41BC-84F0-C33E91D99D23}.Release|x86.ActiveCfg = Release|Any CPU
		{E4C40605-3ADE-41BC-84F0-C33E91D99D23}.Release|x86.Build.0 = Release|Any CPU
		{A9BC39B0-3465-4A4A-85FD-7099E18EEBDC}.Debug|Any CPU.ActiveCfg = Debug|Any CPU
		{A9BC39B0-3465-4A4A-85FD-7099E18EEBDC}.Debug|Any CPU.Build.0 = Debug|Any CPU
		{A9BC39B0-3465-4A4A-85FD-7099E18EEBDC}.Debug|x64.ActiveCfg = Debug|Any CPU
		{A9BC39B0-3465-4A4A-85FD-7099E18EEBDC}.Debug|x64.Build.0 = Debug|Any CPU
		{A9BC39B0-3465-4A4A-85FD-7099E18EEBDC}.Debug|x86.ActiveCfg = Debug|Any CPU
		{A9BC39B0-3465-4A4A-85FD-7099E18EEBDC}.Debug|x86.Build.0 = Debug|Any CPU
		{A9BC39B0-3465-4A4A-85FD-7099E18EEBDC}.Release|Any CPU.ActiveCfg = Release|Any CPU
		{A9BC39B0-3465-4A4A-85FD-7099E18EEBDC}.Release|Any CPU.Build.0 = Release|Any CPU
		{A9BC39B0-3465-4A4A-85FD-7099E18EEBDC}.Release|x64.ActiveCfg = Release|Any CPU
		{A9BC39B0-3465-4A4A-85FD-7099E18EEBDC}.Release|x64.Build.0 = Release|Any CPU
		{A9BC39B0-3465-4A4A-85FD-7099E18EEBDC}.Release|x86.ActiveCfg = Release|Any CPU
		{A9BC39B0-3465-4A4A-85FD-7099E18EEBDC}.Release|x86.Build.0 = Release|Any CPU
		{60CE949C-0784-4513-ABDE-07DA7ACA99B4}.Debug|Any CPU.ActiveCfg = Debug|Any CPU
		{60CE949C-0784-4513-ABDE-07DA7ACA99B4}.Debug|Any CPU.Build.0 = Debug|Any CPU
		{60CE949C-0784-4513-ABDE-07DA7ACA99B4}.Debug|x64.ActiveCfg = Debug|Any CPU
		{60CE949C-0784-4513-ABDE-07DA7ACA99B4}.Debug|x64.Build.0 = Debug|Any CPU
		{60CE949C-0784-4513-ABDE-07DA7ACA99B4}.Debug|x86.ActiveCfg = Debug|Any CPU
		{60CE949C-0784-4513-ABDE-07DA7ACA99B4}.Debug|x86.Build.0 = Debug|Any CPU
		{60CE949C-0784-4513-ABDE-07DA7ACA99B4}.Release|Any CPU.ActiveCfg = Release|Any CPU
		{60CE949C-0784-4513-ABDE-07DA7ACA99B4}.Release|Any CPU.Build.0 = Release|Any CPU
		{60CE949C-0784-4513-ABDE-07DA7ACA99B4}.Release|x64.ActiveCfg = Release|Any CPU
		{60CE949C-0784-4513-ABDE-07DA7ACA99B4}.Release|x64.Build.0 = Release|Any CPU
		{60CE949C-0784-4513-ABDE-07DA7ACA99B4}.Release|x86.ActiveCfg = Release|Any CPU
		{60CE949C-0784-4513-ABDE-07DA7ACA99B4}.Release|x86.Build.0 = Release|Any CPU
	EndGlobalSection
	GlobalSection(SolutionProperties) = preSolution
		HideSolutionNode = FALSE
	EndGlobalSection
	GlobalSection(NestedProjects) = preSolution
		{C81C9D8B-DDEC-4F64-96E6-A509B7DC6907} = {5E83E0C1-F3AA-4235-8A32-9783A622E23F}
		{34B4F664-CCF2-4CE4-A99B-6963BF7EF777} = {5E83E0C1-F3AA-4235-8A32-9783A622E23F}
		{1CBB45CB-FCEA-49E0-95D1-4F00037F1D04} = {5E83E0C1-F3AA-4235-8A32-9783A622E23F}
		{E4C40605-3ADE-41BC-84F0-C33E91D99D23} = {EE9277ED-02BD-4204-A702-F440CB6EC6C5}
		{A9BC39B0-3465-4A4A-85FD-7099E18EEBDC} = {EE9277ED-02BD-4204-A702-F440CB6EC6C5}
		{60CE949C-0784-4513-ABDE-07DA7ACA99B4} = {EE9277ED-02BD-4204-A702-F440CB6EC6C5}
	EndGlobalSection
EndGlobal
